
Microsoft Visual Studio Solution File, Format Version 12.00
# Visual Studio 2012
Project("{FAE04EC0-301F-11D3-BF4B-00C04F79EFBC}") = "ForwardNavigationMenu", "ForwardNavigationMenu.csproj", "{3B579721-841C-4E9C-9332-902A6560FB3C}"
EndProject
Project("{FAE04EC0-301F-11D3-BF4B-00C04F79EFBC}") = "MyApp", "..\MyApp\MyApp\MyApp.csproj", "{9FCC5F1B-B6A0-4C85-9E48-2DBA4E22FDBA}"
EndProject
Global
	GlobalSection(SolutionConfigurationPlatforms) = preSolution
		Debug|Any CPU = Debug|Any CPU
		Release|Any CPU = Release|Any CPU
	EndGlobalSection
	GlobalSection(ProjectConfigurationPlatforms) = postSolution
		{3B579721-841C-4E9C-9332-902A6560FB3C}.Debug|Any CPU.ActiveCfg = Debug|Any CPU
		{3B579721-841C-4E9C-9332-902A6560FB3C}.Debug|Any CPU.Build.0 = Debug|Any CPU
		{3B579721-841C-4E9C-9332-902A6560FB3C}.Release|Any CPU.ActiveCfg = Release|Any CPU
		{3B579721-841C-4E9C-9332-902A6560FB3C}.Release|Any CPU.Build.0 = Release|Any CPU
		{9FCC5F1B-B6A0-4C85-9E48-2DBA4E22FDBA}.Debug|Any CPU.ActiveCfg = Debug|Any CPU
		{9FCC5F1B-B6A0-4C85-9E48-2DBA4E22FDBA}.Debug|Any CPU.Build.0 = Debug|Any CPU
		{9FCC5F1B-B6A0-4C85-9E48-2DBA4E22FDBA}.Release|Any CPU.ActiveCfg = Release|Any CPU
		{9FCC5F1B-B6A0-4C85-9E48-2DBA4E22FDBA}.Release|Any CPU.Build.0 = Release|Any CPU
	EndGlobalSection
EndGlobal
